// !$*UTF8*$!
{
	archiveVersion = 1;
	classes = {
	};
	objectVersion = 46;
	objects = {

/* Begin PBXBuildFile section */
		18F20C43196B07AD00F75F0D /* Foundation.framework in Frameworks */ = {isa = PBXBuildFile; fileRef = 18F20C42196B07AD00F75F0D /* Foundation.framework */; };
		18F20C45196B07AD00F75F0D /* CoreGraphics.framework in Frameworks */ = {isa = PBXBuildFile; fileRef = 18F20C44196B07AD00F75F0D /* CoreGraphics.framework */; };
		18F20C47196B07AD00F75F0D /* UIKit.framework in Frameworks */ = {isa = PBXBuildFile; fileRef = 18F20C46196B07AD00F75F0D /* UIKit.framework */; };
		18F20C4D196B07AD00F75F0D /* InfoPlist.strings in Resources */ = {isa = PBXBuildFile; fileRef = 18F20C4B196B07AD00F75F0D /* InfoPlist.strings */; };
		18F20C4F196B07AD00F75F0D /* main.m in Sources */ = {isa = PBXBuildFile; fileRef = 18F20C4E196B07AD00F75F0D /* main.m */; };
		18F20C53196B07AD00F75F0D /* fcAppDelegate.m in Sources */ = {isa = PBXBuildFile; fileRef = 18F20C52196B07AD00F75F0D /* fcAppDelegate.m */; };
		18F20C56196B07AD00F75F0D /* Main_iPhone.storyboard in Resources */ = {isa = PBXBuildFile; fileRef = 18F20C54196B07AD00F75F0D /* Main_iPhone.storyboard */; };
		18F20C59196B07AD00F75F0D /* Main_iPad.storyboard in Resources */ = {isa = PBXBuildFile; fileRef = 18F20C57196B07AD00F75F0D /* Main_iPad.storyboard */; };
		18F20C5C196B07AD00F75F0D /* fcViewController.m in Sources */ = {isa = PBXBuildFile; fileRef = 18F20C5B196B07AD00F75F0D /* fcViewController.m */; };
		18F20C5E196B07AD00F75F0D /* Images.xcassets in Resources */ = {isa = PBXBuildFile; fileRef = 18F20C5D196B07AD00F75F0D /* Images.xcassets */; };
		18F20C65196B07AD00F75F0D /* XCTest.framework in Frameworks */ = {isa = PBXBuildFile; fileRef = 18F20C64196B07AD00F75F0D /* XCTest.framework */; };
		18F20C66196B07AD00F75F0D /* Foundation.framework in Frameworks */ = {isa = PBXBuildFile; fileRef = 18F20C42196B07AD00F75F0D /* Foundation.framework */; };
		18F20C67196B07AD00F75F0D /* UIKit.framework in Frameworks */ = {isa = PBXBuildFile; fileRef = 18F20C46196B07AD00F75F0D /* UIKit.framework */; };
		18F20C6F196B07AD00F75F0D /* InfoPlist.strings in Resources */ = {isa = PBXBuildFile; fileRef = 18F20C6D196B07AD00F75F0D /* InfoPlist.strings */; };
		18F20C71196B07AD00F75F0D /* networkTests.m in Sources */ = {isa = PBXBuildFile; fileRef = 18F20C70196B07AD00F75F0D /* networkTests.m */; };
/* End PBXBuildFile section */

/* Begin PBXContainerItemProxy section */
		18F20C68196B07AD00F75F0D /* PBXContainerItemProxy */ = {
			isa = PBXContainerItemProxy;
			containerPortal = 18F20C37196B07AD00F75F0D /* Project object */;
			proxyType = 1;
			remoteGlobalIDString = 18F20C3E196B07AD00F75F0D;
			remoteInfo = network;
		};
/* End PBXContainerItemProxy section */

/* Begin PBXFileReference section */
		18F20C3F196B07AD00F75F0D /* network.app */ = {isa = PBXFileReference; explicitFileType = wrapper.application; includeInIndex = 0; path = network.app; sourceTree = BUILT_PRODUCTS_DIR; };
		18F20C42196B07AD00F75F0D /* Foundation.framework */ = {isa = PBXFileReference; lastKnownFileType = wrapper.framework; name = Foundation.framework; path = System/Library/Frameworks/Foundation.framework; sourceTree = SDKROOT; };
		18F20C44196B07AD00F75F0D /* CoreGraphics.framework */ = {isa = PBXFileReference; lastKnownFileType = wrapper.framework; name = CoreGraphics.framework; path = System/Library/Frameworks/CoreGraphics.framework; sourceTree = SDKROOT; };
		18F20C46196B07AD00F75F0D /* UIKit.framework */ = {isa = PBXFileReference; lastKnownFileType = wrapper.framework; name = UIKit.framework; path = System/Library/Frameworks/UIKit.framework; sourceTree = SDKROOT; };
		18F20C4A196B07AD00F75F0D /* network-Info.plist */ = {isa = PBXFileReference; lastKnownFileType = text.plist.xml; path = "network-Info.plist"; sourceTree = "<group>"; };
		18F20C4C196B07AD00F75F0D /* en */ = {isa = PBXFileReference; lastKnownFileType = text.plist.strings; name = en; path = en.lproj/InfoPlist.strings; sourceTree = "<group>"; };
		18F20C4E196B07AD00F75F0D /* main.m */ = {isa = PBXFileReference; lastKnownFileType = sourcecode.c.objc; path = main.m; sourceTree = "<group>"; };
		18F20C50196B07AD00F75F0D /* network-Prefix.pch */ = {isa = PBXFileReference; lastKnownFileType = sourcecode.c.h; path = "network-Prefix.pch"; sourceTree = "<group>"; };
		18F20C51196B07AD00F75F0D /* fcAppDelegate.h */ = {isa = PBXFileReference; lastKnownFileType = sourcecode.c.h; path = fcAppDelegate.h; sourceTree = "<group>"; };
		18F20C52196B07AD00F75F0D /* fcAppDelegate.m */ = {isa = PBXFileReference; lastKnownFileType = sourcecode.c.objc; path = fcAppDelegate.m; sourceTree = "<group>"; };
		18F20C55196B07AD00F75F0D /* Base */ = {isa = PBXFileReference; lastKnownFileType = file.storyboard; name = Base; path = Base.lproj/Main_iPhone.storyboard; sourceTree = "<group>"; };
		18F20C58196B07AD00F75F0D /* Base */ = {isa = PBXFileReference; lastKnownFileType = file.storyboard; name = Base; path = Base.lproj/Main_iPad.storyboard; sourceTree = "<group>"; };
		18F20C5A196B07AD00F75F0D /* fcViewController.h */ = {isa = PBXFileReference; lastKnownFileType = sourcecode.c.h; path = fcViewController.h; sourceTree = "<group>"; };
		18F20C5B196B07AD00F75F0D /* fcViewController.m */ = {isa = PBXFileReference; lastKnownFileType = sourcecode.c.objc; path = fcViewController.m; sourceTree = "<group>"; };
		18F20C5D196B07AD00F75F0D /* Images.xcassets */ = {isa = PBXFileReference; lastKnownFileType = folder.assetcatalog; path = Images.xcassets; sourceTree = "<group>"; };
		18F20C63196B07AD00F75F0D /* networkTests.xctest */ = {isa = PBXFileReference; explicitFileType = wrapper.cfbundle; includeInIndex = 0; path = networkTests.xctest; sourceTree = BUILT_PRODUCTS_DIR; };
		18F20C64196B07AD00F75F0D /* XCTest.framework */ = {isa = PBXFileReference; lastKnownFileType = wrapper.framework; name = XCTest.framework; path = Library/Frameworks/XCTest.framework; sourceTree = DEVELOPER_DIR; };
		18F20C6C196B07AD00F75F0D /* networkTests-Info.plist */ = {isa = PBXFileReference; lastKnownFileType = text.plist.xml; path = "networkTests-Info.plist"; sourceTree = "<group>"; };
		18F20C6E196B07AD00F75F0D /* en */ = {isa = PBXFileReference; lastKnownFileType = text.plist.strings; name = en; path = en.lproj/InfoPlist.strings; sourceTree = "<group>"; };
		18F20C70196B07AD00F75F0D /* networkTests.m */ = {isa = PBXFileReference; lastKnownFileType = sourcecode.c.objc; path = networkTests.m; sourceTree = "<group>"; };
/* End PBXFileReference section */

/* Begin PBXFrameworksBuildPhase section */
		18F20C3C196B07AD00F75F0D /* Frameworks */ = {
			isa = PBXFrameworksBuildPhase;
			buildActionMask = 2147483647;
			files = (
				18F20C45196B07AD00F75F0D /* CoreGraphics.framework in Frameworks */,
				18F20C47196B07AD00F75F0D /* UIKit.framework in Frameworks */,
				18F20C43196B07AD00F75F0D /* Foundation.framework in Frameworks */,
			);
			runOnlyForDeploymentPostprocessing = 0;
		};
		18F20C60196B07AD00F75F0D /* Frameworks */ = {
			isa = PBXFrameworksBuildPhase;
			buildActionMask = 2147483647;
			files = (
				18F20C65196B07AD00F75F0D /* XCTest.framework in Frameworks */,
				18F20C67196B07AD00F75F0D /* UIKit.framework in Frameworks */,
				18F20C66196B07AD00F75F0D /* Foundation.framework in Frameworks */,
			);
			runOnlyForDeploymentPostprocessing = 0;
		};
/* End PBXFrameworksBuildPhase section */

/* Begin PBXGroup section */
		18F20C36196B07AD00F75F0D = {
			isa = PBXGroup;
			children = (
				18F20C48196B07AD00F75F0D /* network */,
				18F20C6A196B07AD00F75F0D /* networkTests */,
				18F20C41196B07AD00F75F0D /* Frameworks */,
				18F20C40196B07AD00F75F0D /* Products */,
			);
			sourceTree = "<group>";
		};
		18F20C40196B07AD00F75F0D /* Products */ = {
			isa = PBXGroup;
			children = (
				18F20C3F196B07AD00F75F0D /* network.app */,
				18F20C63196B07AD00F75F0D /* networkTests.xctest */,
			);
			name = Products;
			sourceTree = "<group>";
		};
		18F20C41196B07AD00F75F0D /* Frameworks */ = {
			isa = PBXGroup;
			children = (
				18F20C42196B07AD00F75F0D /* Foundation.framework */,
				18F20C44196B07AD00F75F0D /* CoreGraphics.framework */,
				18F20C46196B07AD00F75F0D /* UIKit.framework */,
				18F20C64196B07AD00F75F0D /* XCTest.framework */,
			);
			name = Frameworks;
			sourceTree = "<group>";
		};
		18F20C48196B07AD00F75F0D /* network */ = {
			isa = PBXGroup;
			children = (
				18F20C51196B07AD00F75F0D /* fcAppDelegate.h */,
				18F20C52196B07AD00F75F0D /* fcAppDelegate.m */,
				18F20C54196B07AD00F75F0D /* Main_iPhone.storyboard */,
				18F20C57196B07AD00F75F0D /* Main_iPad.storyboard */,
				18F20C5A196B07AD00F75F0D /* fcViewController.h */,
				18F20C5B196B07AD00F75F0D /* fcViewController.m */,
				18F20C5D196B07AD00F75F0D /* Images.xcassets */,
				18F20C49196B07AD00F75F0D /* Supporting Files */,
			);
			path = network;
			sourceTree = "<group>";
		};
		18F20C49196B07AD00F75F0D /* Supporting Files */ = {
			isa = PBXGroup;
			children = (
				18F20C4A196B07AD00F75F0D /* network-Info.plist */,
				18F20C4B196B07AD00F75F0D /* InfoPlist.strings */,
				18F20C4E196B07AD00F75F0D /* main.m */,
				18F20C50196B07AD00F75F0D /* network-Prefix.pch */,
			);
			name = "Supporting Files";
			sourceTree = "<group>";
		};
		18F20C6A196B07AD00F75F0D /* networkTests */ = {
			isa = PBXGroup;
			children = (
				18F20C70196B07AD00F75F0D /* networkTests.m */,
				18F20C6B196B07AD00F75F0D /* Supporting Files */,
			);
			path = networkTests;
			sourceTree = "<group>";
		};
		18F20C6B196B07AD00F75F0D /* Supporting Files */ = {
			isa = PBXGroup;
			children = (
				18F20C6C196B07AD00F75F0D /* networkTests-Info.plist */,
				18F20C6D196B07AD00F75F0D /* InfoPlist.strings */,
			);
			name = "Supporting Files";
			sourceTree = "<group>";
		};
/* End PBXGroup section */

/* Begin PBXNativeTarget section */
		18F20C3E196B07AD00F75F0D /* network */ = {
			isa = PBXNativeTarget;
			buildConfigurationList = 18F20C74196B07AD00F75F0D /* Build configuration list for PBXNativeTarget "network" */;
			buildPhases = (
				18F20C3B196B07AD00F75F0D /* Sources */,
				18F20C3C196B07AD00F75F0D /* Frameworks */,
				18F20C3D196B07AD00F75F0D /* Resources */,
			);
			buildRules = (
			);
			dependencies = (
			);
			name = network;
			productName = network;
			productReference = 18F20C3F196B07AD00F75F0D /* network.app */;
			productType = "com.apple.product-type.application";
		};
		18F20C62196B07AD00F75F0D /* networkTests */ = {
			isa = PBXNativeTarget;
			buildConfigurationList = 18F20C77196B07AD00F75F0D /* Build configuration list for PBXNativeTarget "networkTests" */;
			buildPhases = (
				18F20C5F196B07AD00F75F0D /* Sources */,
				18F20C60196B07AD00F75F0D /* Frameworks */,
				18F20C61196B07AD00F75F0D /* Resources */,
			);
			buildRules = (
			);
			dependencies = (
				18F20C69196B07AD00F75F0D /* PBXTargetDependency */,
			);
			name = networkTests;
			productName = networkTests;
			productReference = 18F20C63196B07AD00F75F0D /* networkTests.xctest */;
			productType = "com.apple.product-type.bundle.unit-test";
		};
/* End PBXNativeTarget section */

/* Begin PBXProject section */
		18F20C37196B07AD00F75F0D /* Project object */ = {
			isa = PBXProject;
			attributes = {
				CLASSPREFIX = fc;
				LastUpgradeCheck = 0510;
				ORGANIZATIONNAME = fcihpy;
				TargetAttributes = {
					18F20C62196B07AD00F75F0D = {
						TestTargetID = 18F20C3E196B07AD00F75F0D;
					};
				};
			};
			buildConfigurationList = 18F20C3A196B07AD00F75F0D /* Build configuration list for PBXProject "network" */;
			compatibilityVersion = "Xcode 3.2";
			developmentRegion = English;
			hasScannedForEncodings = 0;
			knownRegions = (
				en,
				Base,
			);
			mainGroup = 18F20C36196B07AD00F75F0D;
			productRefGroup = 18F20C40196B07AD00F75F0D /* Products */;
			projectDirPath = "";
			projectRoot = "";
			targets = (
				18F20C3E196B07AD00F75F0D /* network */,
				18F20C62196B07AD00F75F0D /* networkTests */,
			);
		};
/* End PBXProject section */

/* Begin PBXResourcesBuildPhase section */
		18F20C3D196B07AD00F75F0D /* Resources */ = {
			isa = PBXResourcesBuildPhase;
			buildActionMask = 2147483647;
			files = (
				18F20C59196B07AD00F75F0D /* Main_iPad.storyboard in Resources */,
				18F20C5E196B07AD00F75F0D /* Images.xcassets in Resources */,
				18F20C56196B07AD00F75F0D /* Main_iPhone.storyboard in Resources */,
				18F20C4D196B07AD00F75F0D /* InfoPlist.strings in Resources */,
			);
			runOnlyForDeploymentPostprocessing = 0;
		};
		18F20C61196B07AD00F75F0D /* Resources */ = {
			isa = PBXResourcesBuildPhase;
			buildActionMask = 2147483647;
			files = (
				18F20C6F196B07AD00F75F0D /* InfoPlist.strings in Resources */,
			);
			runOnlyForDeploymentPostprocessing = 0;
		};
/* End PBXResourcesBuildPhase section */

/* Begin PBXSourcesBuildPhase section */
		18F20C3B196B07AD00F75F0D /* Sources */ = {
			isa = PBXSourcesBuildPhase;
			buildActionMask = 2147483647;
			files = (
				18F20C4F196B07AD00F75F0D /* main.m in Sources */,
				18F20C53196B07AD00F75F0D /* fcAppDelegate.m in Sources */,
				18F20C5C196B07AD00F75F0D /* fcViewController.m in Sources */,
			);
			runOnlyForDeploymentPostprocessing = 0;
		};
		18F20C5F196B07AD00F75F0D /* Sources */ = {
			isa = PBXSourcesBuildPhase;
			buildActionMask = 2147483647;
			files = (
				18F20C71196B07AD00F75F0D /* networkTests.m in Sources */,
			);
			runOnlyForDeploymentPostprocessing = 0;
		};
/* End PBXSourcesBuildPhase section */

/* Begin PBXTargetDependency section */
		18F20C69196B07AD00F75F0D /* PBXTargetDependency */ = {
			isa = PBXTargetDependency;
			target = 18F20C3E196B07AD00F75F0D /* network */;
			targetProxy = 18F20C68196B07AD00F75F0D /* PBXContainerItemProxy */;
		};
/* End PBXTargetDependency section */

/* Begin PBXVariantGroup section */
		18F20C4B196B07AD00F75F0D /* InfoPlist.strings */ = {
			isa = PBXVariantGroup;
			children = (
				18F20C4C196B07AD00F75F0D /* en */,
			);
			name = InfoPlist.strings;
			sourceTree = "<group>";
		};
		18F20C54196B07AD00F75F0D /* Main_iPhone.storyboard */ = {
			isa = PBXVariantGroup;
			children = (
				18F20C55196B07AD00F75F0D /* Base */,
			);
			name = Main_iPhone.storyboard;
			sourceTree = "<group>";
		};
		18F20C57196B07AD00F75F0D /* Main_iPad.storyboard */ = {
			isa = PBXVariantGroup;
			children = (
				18F20C58196B07AD00F75F0D /* Base */,
			);
			name = Main_iPad.storyboard;
			sourceTree = "<group>";
		};
		18F20C6D196B07AD00F75F0D /* InfoPlist.strings */ = {
			isa = PBXVariantGroup;
			children = (
				18F20C6E196B07AD00F75F0D /* en */,
			);
			name = InfoPlist.strings;
			sourceTree = "<group>";
		};
/* End PBXVariantGroup section */

/* Begin XCBuildConfiguration section */
		18F20C72196B07AD00F75F0D /* Debug */ = {
			isa = XCBuildConfiguration;
			buildSettings = {
				ALWAYS_SEARCH_USER_PATHS = NO;
				CLANG_CXX_LANGUAGE_STANDARD = "gnu++0x";
				CLANG_CXX_LIBRARY = "libc++";
				CLANG_ENABLE_MODULES = YES;
				CLANG_ENABLE_OBJC_ARC = YES;
				CLANG_WARN_BOOL_CONVERSION = YES;
				CLANG_WARN_CONSTANT_CONVERSION = YES;
				CLANG_WARN_DIRECT_OBJC_ISA_USAGE = YES_ERROR;
				CLANG_WARN_EMPTY_BODY = YES;
				CLANG_WARN_ENUM_CONVERSION = YES;
				CLANG_WARN_INT_CONVERSION = YES;
				CLANG_WARN_OBJC_ROOT_CLASS = YES_ERROR;
				CLANG_WARN__DUPLICATE_METHOD_MATCH = YES;
				"CODE_SIGN_IDENTITY[sdk=iphoneos*]" = "iPhone Developer";
				COPY_PHASE_STRIP = NO;
				GCC_C_LANGUAGE_STANDARD = gnu99;
				GCC_DYNAMIC_NO_PIC = NO;
				GCC_OPTIMIZATION_LEVEL = 0;
				GCC_PREPROCESSOR_DEFINITIONS = (
					"DEBUG=1",
					"$(inherited)",
				);
				GCC_SYMBOLS_PRIVATE_EXTERN = NO;
				GCC_WARN_64_TO_32_BIT_CONVERSION = YES;
				GCC_WARN_ABOUT_RETURN_TYPE = YES_ERROR;
				GCC_WARN_UNDECLARED_SELECTOR = YES;
				GCC_WARN_UNINITIALIZED_AUTOS = YES_AGGRESSIVE;
				GCC_WARN_UNUSED_FUNCTION = YES;
				GCC_WARN_UNUSED_VARIABLE = YES;
				IPHONEOS_DEPLOYMENT_TARGET = 7.1;
				ONLY_ACTIVE_ARCH = YES;
				SDKROOT = iphoneos;
				TARGETED_DEVICE_FAMILY = "1,2";
			};
			name = Debug;
		};
		18F20C73196B07AD00F75F0D /* Release */ = {
			isa = XCBuildConfiguration;
			buildSettings = {
				ALWAYS_SEARCH_USER_PATHS = NO;
				CLANG_CXX_LANGUAGE_STANDARD = "gnu++0x";
				CLANG_CXX_LIBRARY = "libc++";
				CLANG_ENABLE_MODULES = YES;
				CLANG_ENABLE_OBJC_ARC = YES;
				CLANG_WARN_BOOL_CONVERSION = YES;
				CLANG_WARN_CONSTANT_CONVERSION = YES;
				CLANG_WARN_DIRECT_OBJC_ISA_USAGE = YES_ERROR;
				CLANG_WARN_EMPTY_BODY = YES;
				CLANG_WARN_ENUM_CONVERSION = YES;
				CLANG_WARN_INT_CONVERSION = YES;
				CLANG_WARN_OBJC_ROOT_CLASS = YES_ERROR;
				CLANG_WARN__DUPLICATE_METHOD_MATCH = YES;
				"CODE_SIGN_IDENTITY[sdk=iphoneos*]" = "iPhone Developer";
				COPY_PHASE_STRIP = YES;
				ENABLE_NS_ASSERTIONS = NO;
				GCC_C_LANGUAGE_STANDARD = gnu99;
				GCC_WARN_64_TO_32_BIT_CONVERSION = YES;
				GCC_WARN_ABOUT_RETURN_TYPE = YES_ERROR;
				GCC_WARN_UNDECLARED_SELECTOR = YES;
				GCC_WARN_UNINITIALIZED_AUTOS = YES_AGGRESSIVE;
				GCC_WARN_UNUSED_FUNCTION = YES;
				GCC_WARN_UNUSED_VARIABLE = YES;
				IPHONEOS_DEPLOYMENT_TARGET = 7.1;
				SDKROOT = iphoneos;
				TARGETED_DEVICE_FAMILY = "1,2";
				VALIDATE_PRODUCT = YES;
			};
			name = Release;
		};
		18F20C75196B07AD00F75F0D /* Debug */ = {
			isa = XCBuildConfiguration;
			buildSettings = {
				ASSETCATALOG_COMPILER_APPICON_NAME = AppIcon;
				ASSETCATALOG_COMPILER_LAUNCHIMAGE_NAME = LaunchImage;
				GCC_PRECOMPILE_PREFIX_HEADER = YES;
				GCC_PREFIX_HEADER = "network/network-Prefix.pch";
				INFOPLIST_FILE = "network/network-Info.plist";
				PRODUCT_NAME = "$(TARGET_NAME)";
				WRAPPER_EXTENSION = app;
			};
			name = Debug;
		};
		18F20C76196B07AD00F75F0D /* Release */ = {
			isa = XCBuildConfiguration;
			buildSettings = {
				ASSETCATALOG_COMPILER_APPICON_NAME = AppIcon;
				ASSETCATALOG_COMPILER_LAUNCHIMAGE_NAME = LaunchImage;
				GCC_PRECOMPILE_PREFIX_HEADER = YES;
				GCC_PREFIX_HEADER = "network/network-Prefix.pch";
				INFOPLIST_FILE = "network/network-Info.plist";
				PRODUCT_NAME = "$(TARGET_NAME)";
				WRAPPER_EXTENSION = app;
			};
			name = Release;
		};
		18F20C78196B07AD00F75F0D /* Debug */ = {
			isa = XCBuildConfiguration;
			buildSettings = {
				BUNDLE_LOADER = "$(BUILT_PRODUCTS_DIR)/network.app/network";
				FRAMEWORK_SEARCH_PATHS = (
					"$(SDKROOT)/Developer/Library/Frameworks",
					"$(inherited)",
					"$(DEVELOPER_FRAMEWORKS_DIR)",
				);
				GCC_PRECOMPILE_PREFIX_HEADER = YES;
				GCC_PREFIX_HEADER = "network/network-Prefix.pch";
				GCC_PREPROCESSOR_DEFINITIONS = (
					"DEBUG=1",
					"$(inherited)",
				);
				INFOPLIST_FILE = "networkTests/networkTests-Info.plist";
				PRODUCT_NAME = "$(TARGET_NAME)";
				TEST_HOST = "$(BUNDLE_LOADER)";
				WRAPPER_EXTENSION = xctest;
			};
			name = Debug;
		};
		18F20C79196B07AD00F75F0D /* Release */ = {
			isa = XCBuildConfiguration;
			buildSettings = {
				BUNDLE_LOADER = "$(BUILT_PRODUCTS_DIR)/network.app/network";
				FRAMEWORK_SEARCH_PATHS = (
					"$(SDKROOT)/Developer/Library/Frameworks",
					"$(inherited)",
					"$(DEVELOPER_FRAMEWORKS_DIR)",
				);
				GCC_PRECOMPILE_PREFIX_HEADER = YES;
				GCC_PREFIX_HEADER = "network/network-Prefix.pch";
				INFOPLIST_FILE = "networkTests/networkTests-Info.plist";
				PRODUCT_NAME = "$(TARGET_NAME)";
				TEST_HOST = "$(BUNDLE_LOADER)";
				WRAPPER_EXTENSION = xctest;
			};
			name = Release;
		};
/* End XCBuildConfiguration section */

/* Begin XCConfigurationList section */
		18F20C3A196B07AD00F75F0D /* Build configuration list for PBXProject "network" */ = {
			isa = XCConfigurationList;
			buildConfigurations = (
				18F20C72196B07AD00F75F0D /* Debug */,
				18F20C73196B07AD00F75F0D /* Release */,
			);
			defaultConfigurationIsVisible = 0;
			defaultConfigurationName = Release;
		};
		18F20C74196B07AD00F75F0D /* Build configuration list for PBXNativeTarget "network" */ = {
			isa = XCConfigurationList;
			buildConfigurations = (
				18F20C75196B07AD00F75F0D /* Debug */,
				18F20C76196B07AD00F75F0D /* Release */,
			);
			defaultConfigurationIsVisible = 0;
		};
		18F20C77196B07AD00F75F0D /* Build configuration list for PBXNativeTarget "networkTests" */ = {
			isa = XCConfigurationList;
			buildConfigurations = (
				18F20C78196B07AD00F75F0D /* Debug */,
				18F20C79196B07AD00F75F0D /* Release */,
			);
			defaultConfigurationIsVisible = 0;
		};
/* End XCConfigurationList section */
	};
	rootObject = 18F20C37196B07AD00F75F0D /* Project object */;
}
